STORAGE: NONE
RESTRICTION: == netstandard2.0
NUGET
  remote: https://api.nuget.org/v3/index.json
    FSharp.Core (4.3.4)
    Microsoft.Win32.Registry (4.4)
      System.Security.AccessControl (>= 4.4)
      System.Security.Principal.Windows (>= 4.4)
    System.Security.AccessControl (4.4.1)
      System.Security.Principal.Windows (>= 4.4)
    System.Security.Principal.Windows (4.4.1)
    Xake (1.0.3-alpha5)
      FSharp.Core (>= 4.3.4)
      Microsoft.Win32.Registry (>= 4.4)
