
Microsoft Visual Studio Solution File, Format Version 12.00
# Visual Studio 2012
Project("{F2A71F9B-5D33-465A-A702-920D77279786}") = "XakeLib", "core\XakeLib.fsproj", "{6B39C22F-6741-428D-B21A-33580AF7BD8E}"
EndProject
Project("{2150E333-8FDC-42A3-9474-1A3956D46DE8}") = "samples", "samples", "{5DF9487A-79E1-412A-BF67-5F02999A1988}"
EndProject
Project("{2150E333-8FDC-42A3-9474-1A3956D46DE8}") = "csc", "csc", "{4A657E43-9D03-4C2F-8D2C-D1F265ACDFBD}"
	ProjectSection(SolutionItems) = preProject
		samples\csc\a.cs = samples\csc\a.cs
		samples\csc\a.fsx = samples\csc\a.fsx
		samples\csc\build.fsx = samples\csc\build.fsx
	EndProjectSection
EndProject
Project("{F2A71F9B-5D33-465A-A702-920D77279786}") = "XakeLibTests", "XakeLibTests\XakeLibTests.fsproj", "{5B7A9196-F7F9-47E6-ABC7-381432F613B2}"
EndProject
Project("{2150E333-8FDC-42A3-9474-1A3956D46DE8}") = "ar", "ar", "{B8F979DC-5E33-4025-AF54-973BC401C30F}"
	ProjectSection(SolutionItems) = preProject
		samples\ar\build.fsx = samples\ar\build.fsx
	EndProjectSection
EndProject
Global
	GlobalSection(SolutionConfigurationPlatforms) = preSolution
		Debug|Any CPU = Debug|Any CPU
		Release|Any CPU = Release|Any CPU
	EndGlobalSection
	GlobalSection(ProjectConfigurationPlatforms) = postSolution
		{6B39C22F-6741-428D-B21A-33580AF7BD8E}.Debug|Any CPU.ActiveCfg = Debug|Any CPU
		{6B39C22F-6741-428D-B21A-33580AF7BD8E}.Debug|Any CPU.Build.0 = Debug|Any CPU
		{6B39C22F-6741-428D-B21A-33580AF7BD8E}.Release|Any CPU.ActiveCfg = Release|Any CPU
		{6B39C22F-6741-428D-B21A-33580AF7BD8E}.Release|Any CPU.Build.0 = Release|Any CPU
		{5B7A9196-F7F9-47E6-ABC7-381432F613B2}.Debug|Any CPU.ActiveCfg = Debug|Any CPU
		{5B7A9196-F7F9-47E6-ABC7-381432F613B2}.Debug|Any CPU.Build.0 = Debug|Any CPU
		{5B7A9196-F7F9-47E6-ABC7-381432F613B2}.Release|Any CPU.ActiveCfg = Release|Any CPU
		{5B7A9196-F7F9-47E6-ABC7-381432F613B2}.Release|Any CPU.Build.0 = Release|Any CPU
	EndGlobalSection
	GlobalSection(SolutionProperties) = preSolution
		HideSolutionNode = FALSE
	EndGlobalSection
	GlobalSection(NestedProjects) = preSolution
		{4A657E43-9D03-4C2F-8D2C-D1F265ACDFBD} = {5DF9487A-79E1-412A-BF67-5F02999A1988}
		{B8F979DC-5E33-4025-AF54-973BC401C30F} = {5DF9487A-79E1-412A-BF67-5F02999A1988}
	EndGlobalSection
EndGlobal
